
Microsoft Visual Studio Solution File, Format Version 11.00
# Visual Studio 2010
Project("{159641D6-6404-4A2A-AE62-294DE0FE8301}") = "Pe.Stracon.Integracion.ReempSuplentePorTrabajador", "Pe.Stracon.Integracion.ReempSuplentePorTrabajador\Pe.Stracon.Integracion.ReempSuplentePorTrabajador.dtproj", "{4B75B4C6-0F75-46AE-835A-327C0950FF29}"
EndProject
Global
	GlobalSection(SolutionConfigurationPlatforms) = preSolution
		Development|Default = Development|Default
	EndGlobalSection
	GlobalSection(ProjectConfigurationPlatforms) = postSolution
		{4B75B4C6-0F75-46AE-835A-327C0950FF29}.Development|Default.ActiveCfg = Development
		{4B75B4C6-0F75-46AE-835A-327C0950FF29}.Development|Default.Build.0 = Development
	EndGlobalSection
	GlobalSection(SolutionProperties) = preSolution
		HideSolutionNode = FALSE
	EndGlobalSection
EndGlobal
